
Microsoft Visual Studio Solution File, Format Version 12.00
# Visual Studio Version 17
VisualStudioVersion = 17.9.34622.214
MinimumVisualStudioVersion = 10.0.40219.1
Project("{9A19103F-16F7-4668-BE54-9A1E7A4F7556}") = "UfoSightingAPI", "UfoSightingAPI\UfoSightingAPI.csproj", "{C20157B3-E57D-4FCE-BA6E-D4F3A678E300}"
EndProject
Project("{9A19103F-16F7-4668-BE54-9A1E7A4F7556}") = "UfoSightingAPITests", "UfoSightingAPITests\UfoSightingAPITests.csproj", "{88504E84-30FC-4AE4-9E94-3B339B7A0310}"
EndProject
Project("{00D1A9C2-B5F0-4AF3-8072-F6C62B433612}") = "UfoSightingDB", "UfoSightingDB\UfoSightingDB\UfoSightingDB.sqlproj", "{B82567DC-36D0-4B91-96E2-1AC60443C4AC}"
EndProject
Global
	GlobalSection(SolutionConfigurationPlatforms) = preSolution
		Debug|Any CPU = Debug|Any CPU
		Release|Any CPU = Release|Any CPU
	EndGlobalSection
	GlobalSection(ProjectConfigurationPlatforms) = postSolution
		{C20157B3-E57D-4FCE-BA6E-D4F3A678E300}.Debug|Any CPU.ActiveCfg = Debug|Any CPU
		{C20157B3-E57D-4FCE-BA6E-D4F3A678E300}.Debug|Any CPU.Build.0 = Debug|Any CPU
		{C20157B3-E57D-4FCE-BA6E-D4F3A678E300}.Release|Any CPU.ActiveCfg = Release|Any CPU
		{C20157B3-E57D-4FCE-BA6E-D4F3A678E300}.Release|Any CPU.Build.0 = Release|Any CPU
		{88504E84-30FC-4AE4-9E94-3B339B7A0310}.Debug|Any CPU.ActiveCfg = Debug|Any CPU
		{88504E84-30FC-4AE4-9E94-3B339B7A0310}.Debug|Any CPU.Build.0 = Debug|Any CPU
		{88504E84-30FC-4AE4-9E94-3B339B7A0310}.Release|Any CPU.ActiveCfg = Release|Any CPU
		{88504E84-30FC-4AE4-9E94-3B339B7A0310}.Release|Any CPU.Build.0 = Release|Any CPU
		{B82567DC-36D0-4B91-96E2-1AC60443C4AC}.Debug|Any CPU.ActiveCfg = Debug|Any CPU
		{B82567DC-36D0-4B91-96E2-1AC60443C4AC}.Debug|Any CPU.Build.0 = Debug|Any CPU
		{B82567DC-36D0-4B91-96E2-1AC60443C4AC}.Debug|Any CPU.Deploy.0 = Debug|Any CPU
		{B82567DC-36D0-4B91-96E2-1AC60443C4AC}.Release|Any CPU.ActiveCfg = Release|Any CPU
		{B82567DC-36D0-4B91-96E2-1AC60443C4AC}.Release|Any CPU.Build.0 = Release|Any CPU
		{B82567DC-36D0-4B91-96E2-1AC60443C4AC}.Release|Any CPU.Deploy.0 = Release|Any CPU
	EndGlobalSection
	GlobalSection(SolutionProperties) = preSolution
		HideSolutionNode = FALSE
	EndGlobalSection
	GlobalSection(ExtensibilityGlobals) = postSolution
		SolutionGuid = {AF30BD9D-60ED-4A9C-BEE9-8D941ADC8973}
	EndGlobalSection
EndGlobal
